dependencies:
- name: postgresql
  repository: oci://registry-1.docker.io/bitnamicharts
  version: 16.7.24
- name: redis
  repository: oci://registry-1.docker.io/bitnamicharts
  version: 27.0.14
digest: sha256:49df3aee7a6a8f4ba853c08efe0acd30086b37bd89b61088ca982e223becbe64
generated: "2026-07-19T09:57:39.0771058Z"
